# THIS IS AN AUTOGENERATED FILE. DO NOT EDIT THIS FILE DIRECTLY.
# yarn lockfile v1


"@fullcalendar/daygrid@^6.1.5":
  version "6.1.5"
  resolved "https://registry.yarnpkg.com/@fullcalendar/daygrid/-/daygrid-6.1.5.tgz#fa5df2ec926a0a2367a91f43981518643d3d63c7"
  integrity sha512-wXQUNPOyEQ1FEHVdtxP/tLcAAGwY4zeFejujhcznhKC751X8voInF+7kFmI7GDTVgX9cd72Muku3c+gHi8ygEQ==

"@fullcalendar/react@^6.1.5":
  version "6.1.5"
  resolved "https://registry.yarnpkg.com/@fullcalendar/react/-/react-6.1.5.tgz#75f9f705be7297ee0ee700dfab3e6997153b54f3"
  integrity sha512-OVQJQhtDAwxHbFk84bm5Y6iGLjGDrrBgr3491JbfnqHUjSaO+T1rNHUvtnot0X4/ZdnoxWr2nKqxPxpmCCL/lw==
